
Microsoft Visual Studio Solution File, Format Version 12.00
# Visual Studio 15
VisualStudioVersion = 15.0.28307.168
MinimumVisualStudioVersion = 10.0.40219.1
Project("{FAE04EC0-301F-11D3-BF4B-00C04F79EFBC}") = "UrlsAndRoutes", "UrlsAndRoutes\UrlsAndRoutes.csproj", "{8EEC4EEC-736D-455F-93BE-A57A5C0772E1}"
EndProject
Project("{FAE04EC0-301F-11D3-BF4B-00C04F79EFBC}") = "UrlsAndRoutes.Tests", "UrlsAndRoutes.Tests\UrlsAndRoutes.Tests.csproj", "{61AE0B85-E6EA-443D-BC37-899E86F7028A}"
EndProject
Global
	GlobalSection(SolutionConfigurationPlatforms) = preSolution
		Debug|Any CPU = Debug|Any CPU
		Release|Any CPU = Release|Any CPU
	EndGlobalSection
	GlobalSection(ProjectConfigurationPlatforms) = postSolution
		{8EEC4EEC-736D-455F-93BE-A57A5C0772E1}.Debug|Any CPU.ActiveCfg = Debug|Any CPU
		{8EEC4EEC-736D-455F-93BE-A57A5C0772E1}.Debug|Any CPU.Build.0 = Debug|Any CPU
		{8EEC4EEC-736D-455F-93BE-A57A5C0772E1}.Release|Any CPU.ActiveCfg = Release|Any CPU
		{8EEC4EEC-736D-455F-93BE-A57A5C0772E1}.Release|Any CPU.Build.0 = Release|Any CPU
		{61AE0B85-E6EA-443D-BC37-899E86F7028A}.Debug|Any CPU.ActiveCfg = Debug|Any CPU
		{61AE0B85-E6EA-443D-BC37-899E86F7028A}.Debug|Any CPU.Build.0 = Debug|Any CPU
		{61AE0B85-E6EA-443D-BC37-899E86F7028A}.Release|Any CPU.ActiveCfg = Release|Any CPU
		{61AE0B85-E6EA-443D-BC37-899E86F7028A}.Release|Any CPU.Build.0 = Release|Any CPU
	EndGlobalSection
	GlobalSection(SolutionProperties) = preSolution
		HideSolutionNode = FALSE
	EndGlobalSection
	GlobalSection(ExtensibilityGlobals) = postSolution
		SolutionGuid = {909805C5-2F73-4C75-88DC-C49C6C56BBDF}
	EndGlobalSection
EndGlobal
