
Microsoft Visual Studio Solution File, Format Version 12.00
# Visual Studio Version 17
VisualStudioVersion = 17.12.35506.116 d17.12
MinimumVisualStudioVersion = 10.0.40219.1
Project("{FAE04EC0-301F-11D3-BF4B-00C04F79EFBC}") = "InterfaceDefaultMethodTest", "InterfaceDefaultMethodTest\InterfaceDefaultMethodTest.csproj", "{71A3FF8E-E797-431D-9A7C-3764ACC191BE}"
EndProject
Project("{FAE04EC0-301F-11D3-BF4B-00C04F79EFBC}") = "InterfaceDefaultMethodLib", "InterfaceDefaultMethodLib\InterfaceDefaultMethodLib.csproj", "{8EDFAF3B-090E-4DE6-9EB5-6ECABA7830CC}"
EndProject
Global
	GlobalSection(SolutionConfigurationPlatforms) = preSolution
		Debug|Any CPU = Debug|Any CPU
		Release|Any CPU = Release|Any CPU
	EndGlobalSection
	GlobalSection(ProjectConfigurationPlatforms) = postSolution
		{71A3FF8E-E797-431D-9A7C-3764ACC191BE}.Debug|Any CPU.ActiveCfg = Debug|Any CPU
		{71A3FF8E-E797-431D-9A7C-3764ACC191BE}.Debug|Any CPU.Build.0 = Debug|Any CPU
		{71A3FF8E-E797-431D-9A7C-3764ACC191BE}.Release|Any CPU.ActiveCfg = Release|Any CPU
		{71A3FF8E-E797-431D-9A7C-3764ACC191BE}.Release|Any CPU.Build.0 = Release|Any CPU
		{8EDFAF3B-090E-4DE6-9EB5-6ECABA7830CC}.Debug|Any CPU.ActiveCfg = Debug|Any CPU
		{8EDFAF3B-090E-4DE6-9EB5-6ECABA7830CC}.Debug|Any CPU.Build.0 = Debug|Any CPU
		{8EDFAF3B-090E-4DE6-9EB5-6ECABA7830CC}.Release|Any CPU.ActiveCfg = Release|Any CPU
		{8EDFAF3B-090E-4DE6-9EB5-6ECABA7830CC}.Release|Any CPU.Build.0 = Release|Any CPU
	EndGlobalSection
	GlobalSection(SolutionProperties) = preSolution
		HideSolutionNode = FALSE
	EndGlobalSection
EndGlobal
